
Microsoft Visual Studio Solution File, Format Version 12.00
# Visual Studio Version 16
VisualStudioVersion = 16.0.32929.386
MinimumVisualStudioVersion = 10.0.40219.1
Project("{FAE04EC0-301F-11D3-BF4B-00C04F79EFBC}") = "CCC.UI", "CCC\CCC.UI.csproj", "{8D74592B-93E7-42C7-958E-3E7080370418}"
EndProject
Project("{2150E333-8FDC-42A3-9474-1A3956D46DE8}") = "01.Domain", "01.Domain", "{134F317C-71BE-439A-B5A1-2325616EEF1C}"
EndProject
Project("{2150E333-8FDC-42A3-9474-1A3956D46DE8}") = "02.Data", "02.Data", "{877674B2-CDE9-4F09-ADDE-48EE4423D6FD}"
EndProject
Project("{2150E333-8FDC-42A3-9474-1A3956D46DE8}") = "03.Service", "03.Service", "{C3FB3FA2-4F40-4CF5-91BE-3F1826189741}"
EndProject
Project("{2150E333-8FDC-42A3-9474-1A3956D46DE8}") = "04.IOC", "04.IOC", "{D8338B1A-5635-4338-B412-7254B6F618BB}"
EndProject
Project("{2150E333-8FDC-42A3-9474-1A3956D46DE8}") = "05.API", "05.API", "{62976BD0-CA45-4BF7-8D1D-E6959C368CBE}"
EndProject
Project("{2150E333-8FDC-42A3-9474-1A3956D46DE8}") = "06.UI", "06.UI", "{E3430908-3C2A-43CD-89FE-0ED337D8A8C0}"
EndProject
Project("{FAE04EC0-301F-11D3-BF4B-00C04F79EFBC}") = "CCC.Domain", "CCC.Domain\CCC.Domain.csproj", "{0EB18DB0-9B95-410B-913F-50F9C19D712C}"
EndProject
Project("{FAE04EC0-301F-11D3-BF4B-00C04F79EFBC}") = "CCC.Data", "CCC.Data\CCC.Data.csproj", "{B5E118BD-8E33-47F5-9D5C-913791E7C454}"
EndProject
Project("{FAE04EC0-301F-11D3-BF4B-00C04F79EFBC}") = "CCC.Service", "CCC.Service\CCC.Service.csproj", "{A4311530-ED0F-475C-87A8-E67B488F1689}"
EndProject
Project("{FAE04EC0-301F-11D3-BF4B-00C04F79EFBC}") = "CCC.lOC", "CCC.lOC\CCC.lOC.csproj", "{C4528C00-3A52-4B8D-A49C-95AECBB207A0}"
EndProject
Project("{FAE04EC0-301F-11D3-BF4B-00C04F79EFBC}") = "CCC.API", "CCC.API\CCC.API.csproj", "{13FA2584-77E2-442C-88BA-F36227EEEC3C}"
EndProject
Global
	GlobalSection(SolutionConfigurationPlatforms) = preSolution
		Debug|Any CPU = Debug|Any CPU
		Release|Any CPU = Release|Any CPU
	EndGlobalSection
	GlobalSection(ProjectConfigurationPlatforms) = postSolution
		{8D74592B-93E7-42C7-958E-3E7080370418}.Debug|Any CPU.ActiveCfg = Debug|Any CPU
		{8D74592B-93E7-42C7-958E-3E7080370418}.Debug|Any CPU.Build.0 = Debug|Any CPU
		{8D74592B-93E7-42C7-958E-3E7080370418}.Release|Any CPU.ActiveCfg = Release|Any CPU
		{8D74592B-93E7-42C7-958E-3E7080370418}.Release|Any CPU.Build.0 = Release|Any CPU
		{0EB18DB0-9B95-410B-913F-50F9C19D712C}.Debug|Any CPU.ActiveCfg = Debug|Any CPU
		{0EB18DB0-9B95-410B-913F-50F9C19D712C}.Debug|Any CPU.Build.0 = Debug|Any CPU
		{0EB18DB0-9B95-410B-913F-50F9C19D712C}.Release|Any CPU.ActiveCfg = Release|Any CPU
		{0EB18DB0-9B95-410B-913F-50F9C19D712C}.Release|Any CPU.Build.0 = Release|Any CPU
		{B5E118BD-8E33-47F5-9D5C-913791E7C454}.Debug|Any CPU.ActiveCfg = Debug|Any CPU
		{B5E118BD-8E33-47F5-9D5C-913791E7C454}.Debug|Any CPU.Build.0 = Debug|Any CPU
		{B5E118BD-8E33-47F5-9D5C-913791E7C454}.Release|Any CPU.ActiveCfg = Release|Any CPU
		{B5E118BD-8E33-47F5-9D5C-913791E7C454}.Release|Any CPU.Build.0 = Release|Any CPU
		{A4311530-ED0F-475C-87A8-E67B488F1689}.Debug|Any CPU.ActiveCfg = Debug|Any CPU
		{A4311530-ED0F-475C-87A8-E67B488F1689}.Debug|Any CPU.Build.0 = Debug|Any CPU
		{A4311530-ED0F-475C-87A8-E67B488F1689}.Release|Any CPU.ActiveCfg = Release|Any CPU
		{A4311530-ED0F-475C-87A8-E67B488F1689}.Release|Any CPU.Build.0 = Release|Any CPU
		{C4528C00-3A52-4B8D-A49C-95AECBB207A0}.Debug|Any CPU.ActiveCfg = Debug|Any CPU
		{C4528C00-3A52-4B8D-A49C-95AECBB207A0}.Debug|Any CPU.Build.0 = Debug|Any CPU
		{C4528C00-3A52-4B8D-A49C-95AECBB207A0}.Release|Any CPU.ActiveCfg = Release|Any CPU
		{C4528C00-3A52-4B8D-A49C-95AECBB207A0}.Release|Any CPU.Build.0 = Release|Any CPU
		{13FA2584-77E2-442C-88BA-F36227EEEC3C}.Debug|Any CPU.ActiveCfg = Debug|Any CPU
		{13FA2584-77E2-442C-88BA-F36227EEEC3C}.Debug|Any CPU.Build.0 = Debug|Any CPU
		{13FA2584-77E2-442C-88BA-F36227EEEC3C}.Release|Any CPU.ActiveCfg = Release|Any CPU
		{13FA2584-77E2-442C-88BA-F36227EEEC3C}.Release|Any CPU.Build.0 = Release|Any CPU
	EndGlobalSection
	GlobalSection(SolutionProperties) = preSolution
		HideSolutionNode = FALSE
	EndGlobalSection
	GlobalSection(NestedProjects) = preSolution
		{8D74592B-93E7-42C7-958E-3E7080370418} = {E3430908-3C2A-43CD-89FE-0ED337D8A8C0}
		{0EB18DB0-9B95-410B-913F-50F9C19D712C} = {134F317C-71BE-439A-B5A1-2325616EEF1C}
		{B5E118BD-8E33-47F5-9D5C-913791E7C454} = {877674B2-CDE9-4F09-ADDE-48EE4423D6FD}
		{A4311530-ED0F-475C-87A8-E67B488F1689} = {C3FB3FA2-4F40-4CF5-91BE-3F1826189741}
		{C4528C00-3A52-4B8D-A49C-95AECBB207A0} = {D8338B1A-5635-4338-B412-7254B6F618BB}
		{13FA2584-77E2-442C-88BA-F36227EEEC3C} = {62976BD0-CA45-4BF7-8D1D-E6959C368CBE}
	EndGlobalSection
	GlobalSection(ExtensibilityGlobals) = postSolution
		SolutionGuid = {027F7B05-6173-4720-B3A4-D4266C52DB19}
	EndGlobalSection
EndGlobal
